
Microsoft Visual Studio Solution File, Format Version 12.00
# Visual Studio 15
VisualStudioVersion = 15.0.26730.12
MinimumVisualStudioVersion = 10.0.40219.1
Project("{FAE04EC0-301F-11D3-BF4B-00C04F79EFBC}") = "WebApplication23", "WebApplication23\WebApplication23.csproj", "{D56C6952-F064-414D-B8C2-EFA69FF66B8B}"
EndProject
Global
	GlobalSection(SolutionConfigurationPlatforms) = preSolution
		Debug|Any CPU = Debug|Any CPU
		Release|Any CPU = Release|Any CPU
	EndGlobalSection
	GlobalSection(ProjectConfigurationPlatforms) = postSolution
		{D56C6952-F064-414D-B8C2-EFA69FF66B8B}.Debug|Any CPU.ActiveCfg = Debug|Any CPU
		{D56C6952-F064-414D-B8C2-EFA69FF66B8B}.Debug|Any CPU.Build.0 = Debug|Any CPU
		{D56C6952-F064-414D-B8C2-EFA69FF66B8B}.Release|Any CPU.ActiveCfg = Release|Any CPU
		{D56C6952-F064-414D-B8C2-EFA69FF66B8B}.Release|Any CPU.Build.0 = Release|Any CPU
	EndGlobalSection
	GlobalSection(SolutionProperties) = preSolution
		HideSolutionNode = FALSE
	EndGlobalSection
	GlobalSection(ExtensibilityGlobals) = postSolution
		SolutionGuid = {B490D308-1736-4CF8-8652-2A8370D6B9E5}
	EndGlobalSection
EndGlobal
